// !$*UTF8*$!
{
	archiveVersion = 1;
	classes = {
	};
	objectVersion = 50;
	objects = {

/* Begin PBXBuildFile section */
		E803C61826BE9FBC00C41AA6 /* LaminarModes.xcdatamodeld in Sources */ = {isa = PBXBuildFile; fileRef = E803C60226BE9FBB00C41AA6 /* LaminarModes.xcdatamodeld */; };
		E803C61926BE9FBC00C41AA6 /* LaminarModes.xcdatamodeld in Sources */ = {isa = PBXBuildFile; fileRef = E803C60226BE9FBB00C41AA6 /* LaminarModes.xcdatamodeld */; };
		E803C61A26BE9FBC00C41AA6 /* LaminarModesApp.swift in Sources */ = {isa = PBXBuildFile; fileRef = E803C60426BE9FBB00C41AA6 /* LaminarModesApp.swift */; };
		E803C61B26BE9FBC00C41AA6 /* LaminarModesApp.swift in Sources */ = {isa = PBXBuildFile; fileRef = E803C60426BE9FBB00C41AA6 /* LaminarModesApp.swift */; };
		E803C61C26BE9FBC00C41AA6 /* ContentView.swift in Sources */ = {isa = PBXBuildFile; fileRef = E803C60526BE9FBB00C41AA6 /* ContentView.swift */; };
		E803C61D26BE9FBC00C41AA6 /* ContentView.swift in Sources */ = {isa = PBXBuildFile; fileRef = E803C60526BE9FBB00C41AA6 /* ContentView.swift */; };
		E803C61E26BE9FBC00C41AA6 /* Persistence.swift in Sources */ = {isa = PBXBuildFile; fileRef = E803C60626BE9FBB00C41AA6 /* Persistence.swift */; };
		E803C61F26BE9FBC00C41AA6 /* Persistence.swift in Sources */ = {isa = PBXBuildFile; fileRef = E803C60626BE9FBB00C41AA6 /* Persistence.swift */; };
		E803C62026BE9FBC00C41AA6 /* Assets.xcassets in Resources */ = {isa = PBXBuildFile; fileRef = E803C60726BE9FBC00C41AA6 /* Assets.xcassets */; };
		E803C62126BE9FBC00C41AA6 /* Assets.xcassets in Resources */ = {isa = PBXBuildFile; fileRef = E803C60726BE9FBC00C41AA6 /* Assets.xcassets */; };
		E803C64A26BEAE9E00C41AA6 /* MainView.swift in Sources */ = {isa = PBXBuildFile; fileRef = E803C63926BEAE9E00C41AA6 /* MainView.swift */; };
		E803C64B26BEAE9E00C41AA6 /* MainView.swift in Sources */ = {isa = PBXBuildFile; fileRef = E803C63926BEAE9E00C41AA6 /* MainView.swift */; };
		E803C68726BEB11400C41AA6 /* VisualEffectBlur.swift in Sources */ = {isa = PBXBuildFile; fileRef = E803C68626BEB11400C41AA6 /* VisualEffectBlur.swift */; };
		E803C68926BEB12700C41AA6 /* VisualEffectBlur.swift in Sources */ = {isa = PBXBuildFile; fileRef = E803C68826BEB12700C41AA6 /* VisualEffectBlur.swift */; };
		E80F31DD27607A9000689092 /* LazyBooks.swift in Sources */ = {isa = PBXBuildFile; fileRef = E80F31D827607A9000689092 /* LazyBooks.swift */; };
		E80F31DE27607A9000689092 /* LazyBooks.swift in Sources */ = {isa = PBXBuildFile; fileRef = E80F31D827607A9000689092 /* LazyBooks.swift */; };
		E80F31E127607A9000689092 /* RingView.swift in Sources */ = {isa = PBXBuildFile; fileRef = E80F31DA27607A9000689092 /* RingView.swift */; };
		E80F31E227607A9000689092 /* RingView.swift in Sources */ = {isa = PBXBuildFile; fileRef = E80F31DA27607A9000689092 /* RingView.swift */; };
		E80F31E527607A9000689092 /* AffinityMap.swift in Sources */ = {isa = PBXBuildFile; fileRef = E80F31DC27607A9000689092 /* AffinityMap.swift */; };
		E80F31E627607A9000689092 /* AffinityMap.swift in Sources */ = {isa = PBXBuildFile; fileRef = E80F31DC27607A9000689092 /* AffinityMap.swift */; };
		E80F31E927607A9800689092 /* BookList.swift in Sources */ = {isa = PBXBuildFile; fileRef = E80F31E727607A9800689092 /* BookList.swift */; };
		E80F31EA27607A9800689092 /* BookList.swift in Sources */ = {isa = PBXBuildFile; fileRef = E80F31E727607A9800689092 /* BookList.swift */; };
		E80F31EB27607A9800689092 /* UITrendsView.swift in Sources */ = {isa = PBXBuildFile; fileRef = E80F31E827607A9800689092 /* UITrendsView.swift */; };
		E80F31EC27607A9800689092 /* UITrendsView.swift in Sources */ = {isa = PBXBuildFile; fileRef = E80F31E827607A9800689092 /* UITrendsView.swift */; };
		E80F31F427607AB700689092 /* GlassmorphicColorView.swift in Sources */ = {isa = PBXBuildFile; fileRef = E80F31ED27607AB700689092 /* GlassmorphicColorView.swift */; };
		E80F31F527607AB700689092 /* GlassmorphicColorView.swift in Sources */ = {isa = PBXBuildFile; fileRef = E80F31ED27607AB700689092 /* GlassmorphicColorView.swift */; };
		E80F31F627607AB700689092 /* ChapterListRowView.swift in Sources */ = {isa = PBXBuildFile; fileRef = E80F31EE27607AB700689092 /* ChapterListRowView.swift */; };
		E80F31F727607AB700689092 /* ChapterListRowView.swift in Sources */ = {isa = PBXBuildFile; fileRef = E80F31EE27607AB700689092 /* ChapterListRowView.swift */; };
		E80F31F827607AB700689092 /* ChapterList.swift in Sources */ = {isa = PBXBuildFile; fileRef = E80F31EF27607AB700689092 /* ChapterList.swift */; };
		E80F31F927607AB700689092 /* ChapterList.swift in Sources */ = {isa = PBXBuildFile; fileRef = E80F31EF27607AB700689092 /* ChapterList.swift */; };
		E80F31FA27607AB700689092 /* NeumorphicView.swift in Sources */ = {isa = PBXBuildFile; fileRef = E80F31F027607AB700689092 /* NeumorphicView.swift */; };
		E80F31FB27607AB700689092 /* NeumorphicView.swift in Sources */ = {isa = PBXBuildFile; fileRef = E80F31F027607AB700689092 /* NeumorphicView.swift */; };
		E80F31FC27607AB700689092 /* DetailsView.swift in Sources */ = {isa = PBXBuildFile; fileRef = E80F31F127607AB700689092 /* DetailsView.swift */; };
		E80F31FD27607AB700689092 /* DetailsView.swift in Sources */ = {isa = PBXBuildFile; fileRef = E80F31F127607AB700689092 /* DetailsView.swift */; };
		E80F31FE27607AB700689092 /* BookWithLazyChapters.swift in Sources */ = {isa = PBXBuildFile; fileRef = E80F31F227607AB700689092 /* BookWithLazyChapters.swift */; };
		E80F31FF27607AB700689092 /* BookWithLazyChapters.swift in Sources */ = {isa = PBXBuildFile; fileRef = E80F31F227607AB700689092 /* BookWithLazyChapters.swift */; };
		E80F320027607AB700689092 /* GlassmorphicView.swift in Sources */ = {isa = PBXBuildFile; fileRef = E80F31F327607AB700689092 /* GlassmorphicView.swift */; };
		E80F320127607AB700689092 /* GlassmorphicView.swift in Sources */ = {isa = PBXBuildFile; fileRef = E80F31F327607AB700689092 /* GlassmorphicView.swift */; };
		E80F321627607B4F00689092 /* BookCardLargeView.swift in Sources */ = {isa = PBXBuildFile; fileRef = E80F321227607B4F00689092 /* BookCardLargeView.swift */; };
		E80F321727607B4F00689092 /* BookCardLargeView.swift in Sources */ = {isa = PBXBuildFile; fileRef = E80F321227607B4F00689092 /* BookCardLargeView.swift */; };
		E80F321827607B4F00689092 /* ChapterCardSmallView.swift in Sources */ = {isa = PBXBuildFile; fileRef = E80F321327607B4F00689092 /* ChapterCardSmallView.swift */; };
		E80F321927607B4F00689092 /* ChapterCardSmallView.swift in Sources */ = {isa = PBXBuildFile; fileRef = E80F321327607B4F00689092 /* ChapterCardSmallView.swift */; };
		E80F321A27607B4F00689092 /* BookCardSmallHeightInfiniteWidthView.swift in Sources */ = {isa = PBXBuildFile; fileRef = E80F321427607B4F00689092 /* BookCardSmallHeightInfiniteWidthView.swift */; };
		E80F321B27607B4F00689092 /* BookCardSmallHeightInfiniteWidthView.swift in Sources */ = {isa = PBXBuildFile; fileRef = E80F321427607B4F00689092 /* BookCardSmallHeightInfiniteWidthView.swift */; };
		E80F321C27607B4F00689092 /* ChapterCardSmallHeightInfiniteWidthView.swift in Sources */ = {isa = PBXBuildFile; fileRef = E80F321527607B4F00689092 /* ChapterCardSmallHeightInfiniteWidthView.swift */; };
		E80F321D27607B4F00689092 /* ChapterCardSmallHeightInfiniteWidthView.swift in Sources */ = {isa = PBXBuildFile; fileRef = E80F321527607B4F00689092 /* ChapterCardSmallHeightInfiniteWidthView.swift */; };
		E80F322027607B6F00689092 /* BookCarouselHeaderView.swift in Sources */ = {isa = PBXBuildFile; fileRef = E80F321E27607B6F00689092 /* BookCarouselHeaderView.swift */; };
		E80F322127607B6F00689092 /* BookCarouselHeaderView.swift in Sources */ = {isa = PBXBuildFile; fileRef = E80F321E27607B6F00689092 /* BookCarouselHeaderView.swift */; };
		E80F322227607B6F00689092 /* BookHeaderLarge.swift in Sources */ = {isa = PBXBuildFile; fileRef = E80F321F27607B6F00689092 /* BookHeaderLarge.swift */; };
		E80F322327607B6F00689092 /* BookHeaderLarge.swift in Sources */ = {isa = PBXBuildFile; fileRef = E80F321F27607B6F00689092 /* BookHeaderLarge.swift */; };
		E80F322827607B7900689092 /* DeleteChapterView.swift in Sources */ = {isa = PBXBuildFile; fileRef = E80F322427607B7900689092 /* DeleteChapterView.swift */; };
		E80F322927607B7900689092 /* DeleteChapterView.swift in Sources */ = {isa = PBXBuildFile; fileRef = E80F322427607B7900689092 /* DeleteChapterView.swift */; };
		E80F322A27607B7900689092 /* AddBookView.swift in Sources */ = {isa = PBXBuildFile; fileRef = E80F322527607B7900689092 /* AddBookView.swift */; };
		E80F322B27607B7900689092 /* AddBookView.swift in Sources */ = {isa = PBXBuildFile; fileRef = E80F322527607B7900689092 /* AddBookView.swift */; };
		E80F322C27607B7900689092 /* AddChapterView.swift in Sources */ = {isa = PBXBuildFile; fileRef = E80F322627607B7900689092 /* AddChapterView.swift */; };
		E80F322D27607B7900689092 /* AddChapterView.swift in Sources */ = {isa = PBXBuildFile; fileRef = E80F322627607B7900689092 /* AddChapterView.swift */; };
		E80F323327607B8300689092 /* GradientLargeTextField.swift in Sources */ = {isa = PBXBuildFile; fileRef = E80F323027607B8300689092 /* GradientLargeTextField.swift */; };
		E80F323427607B8300689092 /* GradientLargeTextField.swift in Sources */ = {isa = PBXBuildFile; fileRef = E80F323027607B8300689092 /* GradientLargeTextField.swift */; };
		E80F323527607B8300689092 /* GradientText.swift in Sources */ = {isa = PBXBuildFile; fileRef = E80F323127607B8300689092 /* GradientText.swift */; };
		E80F323627607B8300689092 /* GradientText.swift in Sources */ = {isa = PBXBuildFile; fileRef = E80F323127607B8300689092 /* GradientText.swift */; };
		E80F323727607B8300689092 /* GradientTextField.swift in Sources */ = {isa = PBXBuildFile; fileRef = E80F323227607B8300689092 /* GradientTextField.swift */; };
		E80F323827607B8300689092 /* GradientTextField.swift in Sources */ = {isa = PBXBuildFile; fileRef = E80F323227607B8300689092 /* GradientTextField.swift */; };
		E80F323B27607BA800689092 /* CloseButton.swift in Sources */ = {isa = PBXBuildFile; fileRef = E80F323927607BA800689092 /* CloseButton.swift */; };
		E80F323C27607BA800689092 /* CloseButton.swift in Sources */ = {isa = PBXBuildFile; fileRef = E80F323927607BA800689092 /* CloseButton.swift */; };
		E80F323D27607BA800689092 /* GradientButtonView.swift in Sources */ = {isa = PBXBuildFile; fileRef = E80F323A27607BA800689092 /* GradientButtonView.swift */; };
		E80F323E27607BA800689092 /* GradientButtonView.swift in Sources */ = {isa = PBXBuildFile; fileRef = E80F323A27607BA800689092 /* GradientButtonView.swift */; };
		E80F324127607BC200689092 /* Reference.swift in Sources */ = {isa = PBXBuildFile; fileRef = E80F323F27607BC200689092 /* Reference.swift */; };
		E80F324227607BC200689092 /* Reference.swift in Sources */ = {isa = PBXBuildFile; fileRef = E80F323F27607BC200689092 /* Reference.swift */; };
		E80F324327607BC200689092 /* MainStructs.swift in Sources */ = {isa = PBXBuildFile; fileRef = E80F324027607BC200689092 /* MainStructs.swift */; };
		E80F324427607BC200689092 /* MainStructs.swift in Sources */ = {isa = PBXBuildFile; fileRef = E80F324027607BC200689092 /* MainStructs.swift */; };
		E80F324E27607BF100689092 /* LineCustom.swift in Sources */ = {isa = PBXBuildFile; fileRef = E80F324527607BF000689092 /* LineCustom.swift */; };
		E80F324F27607BF100689092 /* LineCustom.swift in Sources */ = {isa = PBXBuildFile; fileRef = E80F324527607BF000689092 /* LineCustom.swift */; };
		E80F325027607BF100689092 /* Path+QuadCurveCustom.swift in Sources */ = {isa = PBXBuildFile; fileRef = E80F324627607BF000689092 /* Path+QuadCurveCustom.swift */; };
		E80F325127607BF100689092 /* Path+QuadCurveCustom.swift in Sources */ = {isa = PBXBuildFile; fileRef = E80F324627607BF000689092 /* Path+QuadCurveCustom.swift */; };
		E80F325227607BF100689092 /* HelpersTwo.swift in Sources */ = {isa = PBXBuildFile; fileRef = E80F324727607BF000689092 /* HelpersTwo.swift */; };
		E80F325327607BF100689092 /* HelpersTwo.swift in Sources */ = {isa = PBXBuildFile; fileRef = E80F324727607BF000689092 /* HelpersTwo.swift */; };
		E80F325427607BF100689092 /* MultiLineChartViewCustom.swift in Sources */ = {isa = PBXBuildFile; fileRef = E80F324827607BF000689092 /* MultiLineChartViewCustom.swift */; };
		E80F325527607BF100689092 /* MultiLineChartViewCustom.swift in Sources */ = {isa = PBXBuildFile; fileRef = E80F324827607BF000689092 /* MultiLineChartViewCustom.swift */; };
		E80F325627607BF100689092 /* IndicatorPointCustom.swift in Sources */ = {isa = PBXBuildFile; fileRef = E80F324927607BF000689092 /* IndicatorPointCustom.swift */; };
		E80F325727607BF100689092 /* IndicatorPointCustom.swift in Sources */ = {isa = PBXBuildFile; fileRef = E80F324927607BF000689092 /* IndicatorPointCustom.swift */; };
		E80F325827607BF100689092 /* BarChartViewCustomNew.swift in Sources */ = {isa = PBXBuildFile; fileRef = E80F324A27607BF000689092 /* BarChartViewCustomNew.swift */; };
		E80F325927607BF100689092 /* BarChartViewCustomNew.swift in Sources */ = {isa = PBXBuildFile; fileRef = E80F324A27607BF000689092 /* BarChartViewCustomNew.swift */; };
		E80F325A27607BF100689092 /* LabelViewCustom.swift in Sources */ = {isa = PBXBuildFile; fileRef = E80F324B27607BF000689092 /* LabelViewCustom.swift */; };
		E80F325B27607BF100689092 /* LabelViewCustom.swift in Sources */ = {isa = PBXBuildFile; fileRef = E80F324B27607BF000689092 /* LabelViewCustom.swift */; };
		E80F325C27607BF100689092 /* BarChartCellCustom.swift in Sources */ = {isa = PBXBuildFile; fileRef = E80F324C27607BF000689092 /* BarChartCellCustom.swift */; };
		E80F325D27607BF100689092 /* BarChartCellCustom.swift in Sources */ = {isa = PBXBuildFile; fileRef = E80F324C27607BF000689092 /* BarChartCellCustom.swift */; };
		E80F325E27607BF100689092 /* BarChartRowCustomNew.swift in Sources */ = {isa = PBXBuildFile; fileRef = E80F324D27607BF100689092 /* BarChartRowCustomNew.swift */; };
		E80F325F27607BF100689092 /* BarChartRowCustomNew.swift in Sources */ = {isa = PBXBuildFile; fileRef = E80F324D27607BF100689092 /* BarChartRowCustomNew.swift */; };
		E80F326127607C0B00689092 /* Colors.swift in Sources */ = {isa = PBXBuildFile; fileRef = E80F326027607C0B00689092 /* Colors.swift */; };
		E80F326227607C0B00689092 /* Colors.swift in Sources */ = {isa = PBXBuildFile; fileRef = E80F326027607C0B00689092 /* Colors.swift */; };
		E81EE70D276A02BC0040A19D /* BookLazyChaptersNeumorphic.swift in Sources */ = {isa = PBXBuildFile; fileRef = E81EE70C276A02BC0040A19D /* BookLazyChaptersNeumorphic.swift */; };
		E81EE70E276A02BC0040A19D /* BookLazyChaptersNeumorphic.swift in Sources */ = {isa = PBXBuildFile; fileRef = E81EE70C276A02BC0040A19D /* BookLazyChaptersNeumorphic.swift */; };
		E81EE711276A03F10040A19D /* BookCardLargeViewNeumorphic.swift in Sources */ = {isa = PBXBuildFile; fileRef = E81EE710276A03F10040A19D /* BookCardLargeViewNeumorphic.swift */; };
		E81EE712276A03F10040A19D /* BookCardLargeViewNeumorphic.swift in Sources */ = {isa = PBXBuildFile; fileRef = E81EE710276A03F10040A19D /* BookCardLargeViewNeumorphic.swift */; };
		E8DF79592769F05D00B10B38 /* NeumorphicLazyCard.swift in Sources */ = {isa = PBXBuildFile; fileRef = E8DF79582769F05D00B10B38 /* NeumorphicLazyCard.swift */; };
		E8DF795A2769F05D00B10B38 /* NeumorphicLazyCard.swift in Sources */ = {isa = PBXBuildFile; fileRef = E8DF79582769F05D00B10B38 /* NeumorphicLazyCard.swift */; };
		E8EB3628276A0CD7000CCF20 /* NeumorphicLazyChapters.swift in Sources */ = {isa = PBXBuildFile; fileRef = E8EB3627276A0CD7000CCF20 /* NeumorphicLazyChapters.swift */; };
		E8EB3629276A0CD7000CCF20 /* NeumorphicLazyChapters.swift in Sources */ = {isa = PBXBuildFile; fileRef = E8EB3627276A0CD7000CCF20 /* NeumorphicLazyChapters.swift */; };
		E8EB362D276A3D5E000CCF20 /* NeumorphicCarousels.swift in Sources */ = {isa = PBXBuildFile; fileRef = E8EB362C276A3D5E000CCF20 /* NeumorphicCarousels.swift */; };
		E8EB362E276A3D5E000CCF20 /* NeumorphicCarousels.swift in Sources */ = {isa = PBXBuildFile; fileRef = E8EB362C276A3D5E000CCF20 /* NeumorphicCarousels.swift */; };
		E8EB3630276A3D86000CCF20 /* GlassmorphicCarousels.swift in Sources */ = {isa = PBXBuildFile; fileRef = E8EB362F276A3D86000CCF20 /* GlassmorphicCarousels.swift */; };
		E8EB3631276A3D86000CCF20 /* GlassmorphicCarousels.swift in Sources */ = {isa = PBXBuildFile; fileRef = E8EB362F276A3D86000CCF20 /* GlassmorphicCarousels.swift */; };
		E8EB3633276A3D9C000CCF20 /* GlassmorphicColorCarousels.swift in Sources */ = {isa = PBXBuildFile; fileRef = E8EB3632276A3D9C000CCF20 /* GlassmorphicColorCarousels.swift */; };
		E8EB3634276A3D9C000CCF20 /* GlassmorphicColorCarousels.swift in Sources */ = {isa = PBXBuildFile; fileRef = E8EB3632276A3D9C000CCF20 /* GlassmorphicColorCarousels.swift */; };
		E8EB3636276A4751000CCF20 /* NeumorphicCardSmallView.swift in Sources */ = {isa = PBXBuildFile; fileRef = E8EB3635276A4751000CCF20 /* NeumorphicCardSmallView.swift */; };
		E8EB3637276A4751000CCF20 /* NeumorphicCardSmallView.swift in Sources */ = {isa = PBXBuildFile; fileRef = E8EB3635276A4751000CCF20 /* NeumorphicCardSmallView.swift */; };
		E8EB3642276A4B55000CCF20 /* NeumorphicBarsCards.swift in Sources */ = {isa = PBXBuildFile; fileRef = E8EB3641276A4B55000CCF20 /* NeumorphicBarsCards.swift */; };
		E8EB3643276A4B55000CCF20 /* NeumorphicBarsCards.swift in Sources */ = {isa = PBXBuildFile; fileRef = E8EB3641276A4B55000CCF20 /* NeumorphicBarsCards.swift */; };
		E8EB3645276A4B71000CCF20 /* GlassmorphicBarsCards.swift in Sources */ = {isa = PBXBuildFile; fileRef = E8EB3644276A4B71000CCF20 /* GlassmorphicBarsCards.swift */; };
		E8EB3646276A4B71000CCF20 /* GlassmorphicBarsCards.swift in Sources */ = {isa = PBXBuildFile; fileRef = E8EB3644276A4B71000CCF20 /* GlassmorphicBarsCards.swift */; };
		E8EB3648276A4B8A000CCF20 /* GlassmorphicColorBarsCards.swift in Sources */ = {isa = PBXBuildFile; fileRef = E8EB3647276A4B8A000CCF20 /* GlassmorphicColorBarsCards.swift */; };
		E8EB3649276A4B8A000CCF20 /* GlassmorphicColorBarsCards.swift in Sources */ = {isa = PBXBuildFile; fileRef = E8EB3647276A4B8A000CCF20 /* GlassmorphicColorBarsCards.swift */; };
		E8EB364B276A4EBF000CCF20 /* NeumorphicChapterList.swift in Sources */ = {isa = PBXBuildFile; fileRef = E8EB364A276A4EBF000CCF20 /* NeumorphicChapterList.swift */; };
		E8EB364C276A4EBF000CCF20 /* NeumorphicChapterList.swift in Sources */ = {isa = PBXBuildFile; fileRef = E8EB364A276A4EBF000CCF20 /* NeumorphicChapterList.swift */; };
		E8EB364E276A4EFA000CCF20 /* NeumorphicChapterListRowView.swift in Sources */ = {isa = PBXBuildFile; fileRef = E8EB364D276A4EFA000CCF20 /* NeumorphicChapterListRowView.swift */; };
		E8EB364F276A4EFA000CCF20 /* NeumorphicChapterListRowView.swift in Sources */ = {isa = PBXBuildFile; fileRef = E8EB364D276A4EFA000CCF20 /* NeumorphicChapterListRowView.swift */; };
/* End PBXBuildFile section */

/* Begin PBXFileReference section */
		E803C60326BE9FBB00C41AA6 /* Shared.xcdatamodel */ = {isa = PBXFileReference; lastKnownFileType = wrapper.xcdatamodel; path = Shared.xcdatamodel; sourceTree = "<group>"; };
		E803C60426BE9FBB00C41AA6 /* LaminarModesApp.swift */ = {isa = PBXFileReference; lastKnownFileType = sourcecode.swift; path = LaminarModesApp.swift; sourceTree = "<group>"; };
		E803C60526BE9FBB00C41AA6 /* ContentView.swift */ = {isa = PBXFileReference; lastKnownFileType = sourcecode.swift; path = ContentView.swift; sourceTree = "<group>"; };
		E803C60626BE9FBB00C41AA6 /* Persistence.swift */ = {isa = PBXFileReference; lastKnownFileType = sourcecode.swift; path = Persistence.swift; sourceTree = "<group>"; };
		E803C60726BE9FBC00C41AA6 /* Assets.xcassets */ = {isa = PBXFileReference; lastKnownFileType = folder.assetcatalog; path = Assets.xcassets; sourceTree = "<group>"; };
		E803C60C26BE9FBC00C41AA6 /* LaminarModes.app */ = {isa = PBXFileReference; explicitFileType = wrapper.application; includeInIndex = 0; path = LaminarModes.app; sourceTree = BUILT_PRODUCTS_DIR; };
		E803C60F26BE9FBC00C41AA6 /* Info.plist */ = {isa = PBXFileReference; lastKnownFileType = text.plist.xml; path = Info.plist; sourceTree = "<group>"; };
		E803C61426BE9FBC00C41AA6 /* LaminarModes.app */ = {isa = PBXFileReference; explicitFileType = wrapper.application; includeInIndex = 0; path = LaminarModes.app; sourceTree = BUILT_PRODUCTS_DIR; };
		E803C61626BE9FBC00C41AA6 /* Info.plist */ = {isa = PBXFileReference; lastKnownFileType = text.plist.xml; path = Info.plist; sourceTree = "<group>"; };
		E803C61726BE9FBC00C41AA6 /* macOS.entitlements */ = {isa = PBXFileReference; lastKnownFileType = text.plist.entitlements; path = macOS.entitlements; sourceTree = "<group>"; };
		E803C63926BEAE9E00C41AA6 /* MainView.swift */ = {isa = PBXFileReference; fileEncoding = 4; lastKnownFileType = sourcecode.swift; path = MainView.swift; sourceTree = "<group>"; };
		E803C68626BEB11400C41AA6 /* VisualEffectBlur.swift */ = {isa = PBXFileReference; fileEncoding = 4; lastKnownFileType = sourcecode.swift; path = VisualEffectBlur.swift; sourceTree = "<group>"; };
		E803C68826BEB12700C41AA6 /* VisualEffectBlur.swift */ = {isa = PBXFileReference; fileEncoding = 4; lastKnownFileType = sourcecode.swift; path = VisualEffectBlur.swift; sourceTree = "<group>"; };
		E80F31D827607A9000689092 /* LazyBooks.swift */ = {isa = PBXFileReference; fileEncoding = 4; lastKnownFileType = sourcecode.swift; path = LazyBooks.swift; sourceTree = "<group>"; };
		E80F31DA27607A9000689092 /* RingView.swift */ = {isa = PBXFileReference; fileEncoding = 4; lastKnownFileType = sourcecode.swift; path = RingView.swift; sourceTree = "<group>"; };
		E80F31DC27607A9000689092 /* AffinityMap.swift */ = {isa = PBXFileReference; fileEncoding = 4; lastKnownFileType = sourcecode.swift; path = AffinityMap.swift; sourceTree = "<group>"; };
		E80F31E727607A9800689092 /* BookList.swift */ = {isa = PBXFileReference; fileEncoding = 4; lastKnownFileType = sourcecode.swift; path = BookList.swift; sourceTree = "<group>"; };
		E80F31E827607A9800689092 /* UITrendsView.swift */ = {isa = PBXFileReference; fileEncoding = 4; lastKnownFileType = sourcecode.swift; path = UITrendsView.swift; sourceTree = "<group>"; };
		E80F31ED27607AB700689092 /* GlassmorphicColorView.swift */ = {isa = PBXFileReference; fileEncoding = 4; lastKnownFileType = sourcecode.swift; path = GlassmorphicColorView.swift; sourceTree = "<group>"; };
		E80F31EE27607AB700689092 /* ChapterListRowView.swift */ = {isa = PBXFileReference; fileEncoding = 4; lastKnownFileType = sourcecode.swift; path = ChapterListRowView.swift; sourceTree = "<group>"; };
		E80F31EF27607AB700689092 /* ChapterList.swift */ = {isa = PBXFileReference; fileEncoding = 4; lastKnownFileType = sourcecode.swift; path = ChapterList.swift; sourceTree = "<group>"; };
		E80F31F027607AB700689092 /* NeumorphicView.swift */ = {isa = PBXFileReference; fileEncoding = 4; lastKnownFileType = sourcecode.swift; path = NeumorphicView.swift; sourceTree = "<group>"; };
		E80F31F127607AB700689092 /* DetailsView.swift */ = {isa = PBXFileReference; fileEncoding = 4; lastKnownFileType = sourcecode.swift; path = DetailsView.swift; sourceTree = "<group>"; };
		E80F31F227607AB700689092 /* BookWithLazyChapters.swift */ = {isa = PBXFileReference; fileEncoding = 4; lastKnownFileType = sourcecode.swift; path = BookWithLazyChapters.swift; sourceTree = "<group>"; };
		E80F31F327607AB700689092 /* GlassmorphicView.swift */ = {isa = PBXFileReference; fileEncoding = 4; lastKnownFileType = sourcecode.swift; path = GlassmorphicView.swift; sourceTree = "<group>"; };
		E80F321227607B4F00689092 /* BookCardLargeView.swift */ = {isa = PBXFileReference; fileEncoding = 4; lastKnownFileType = sourcecode.swift; path = BookCardLargeView.swift; sourceTree = "<group>"; };
		E80F321327607B4F00689092 /* ChapterCardSmallView.swift */ = {isa = PBXFileReference; fileEncoding = 4; lastKnownFileType = sourcecode.swift; path = ChapterCardSmallView.swift; sourceTree = "<group>"; };
		E80F321427607B4F00689092 /* BookCardSmallHeightInfiniteWidthView.swift */ = {isa = PBXFileReference; fileEncoding = 4; lastKnownFileType = sourcecode.swift; path = BookCardSmallHeightInfiniteWidthView.swift; sourceTree = "<group>"; };
		E80F321527607B4F00689092 /* ChapterCardSmallHeightInfiniteWidthView.swift */ = {isa = PBXFileReference; fileEncoding = 4; lastKnownFileType = sourcecode.swift; path = ChapterCardSmallHeightInfiniteWidthView.swift; sourceTree = "<group>"; };
		E80F321E27607B6F00689092 /* BookCarouselHeaderView.swift */ = {isa = PBXFileReference; fileEncoding = 4; lastKnownFileType = sourcecode.swift; path = BookCarouselHeaderView.swift; sourceTree = "<group>"; };
		E80F321F27607B6F00689092 /* BookHeaderLarge.swift */ = {isa = PBXFileReference; fileEncoding = 4; lastKnownFileType = sourcecode.swift; path = BookHeaderLarge.swift; sourceTree = "<group>"; };
		E80F322427607B7900689092 /* DeleteChapterView.swift */ = {isa = PBXFileReference; fileEncoding = 4; lastKnownFileType = sourcecode.swift; path = DeleteChapterView.swift; sourceTree = "<group>"; };
		E80F322527607B7900689092 /* AddBookView.swift */ = {isa = PBXFileReference; fileEncoding = 4; lastKnownFileType = sourcecode.swift; path = AddBookView.swift; sourceTree = "<group>"; };
		E80F322627607B7900689092 /* AddChapterView.swift */ = {isa = PBXFileReference; fileEncoding = 4; lastKnownFileType = sourcecode.swift; path = AddChapterView.swift; sourceTree = "<group>"; };
		E80F323027607B8300689092 /* GradientLargeTextField.swift */ = {isa = PBXFileReference; fileEncoding = 4; lastKnownFileType = sourcecode.swift; path = GradientLargeTextField.swift; sourceTree = "<group>"; };
		E80F323127607B8300689092 /* GradientText.swift */ = {isa = PBXFileReference; fileEncoding = 4; lastKnownFileType = sourcecode.swift; path = GradientText.swift; sourceTree = "<group>"; };
		E80F323227607B8300689092 /* GradientTextField.swift */ = {isa = PBXFileReference; fileEncoding = 4; lastKnownFileType = sourcecode.swift; path = GradientTextField.swift; sourceTree = "<group>"; };
		E80F323927607BA800689092 /* CloseButton.swift */ = {isa = PBXFileReference; fileEncoding = 4; lastKnownFileType = sourcecode.swift; path = CloseButton.swift; sourceTree = "<group>"; };
		E80F323A27607BA800689092 /* GradientButtonView.swift */ = {isa = PBXFileReference; fileEncoding = 4; lastKnownFileType = sourcecode.swift; path = GradientButtonView.swift; sourceTree = "<group>"; };
		E80F323F27607BC200689092 /* Reference.swift */ = {isa = PBXFileReference; fileEncoding = 4; lastKnownFileType = sourcecode.swift; path = Reference.swift; sourceTree = "<group>"; };
		E80F324027607BC200689092 /* MainStructs.swift */ = {isa = PBXFileReference; fileEncoding = 4; lastKnownFileType = sourcecode.swift; path = MainStructs.swift; sourceTree = "<group>"; };
		E80F324527607BF000689092 /* LineCustom.swift */ = {isa = PBXFileReference; fileEncoding = 4; lastKnownFileType = sourcecode.swift; path = LineCustom.swift; sourceTree = "<group>"; };
		E80F324627607BF000689092 /* Path+QuadCurveCustom.swift */ = {isa = PBXFileReference; fileEncoding = 4; lastKnownFileType = sourcecode.swift; path = "Path+QuadCurveCustom.swift"; sourceTree = "<group>"; };
		E80F324727607BF000689092 /* HelpersTwo.swift */ = {isa = PBXFileReference; fileEncoding = 4; lastKnownFileType = sourcecode.swift; path = HelpersTwo.swift; sourceTree = "<group>"; };
		E80F324827607BF000689092 /* MultiLineChartViewCustom.swift */ = {isa = PBXFileReference; fileEncoding = 4; lastKnownFileType = sourcecode.swift; path = MultiLineChartViewCustom.swift; sourceTree = "<group>"; };
		E80F324927607BF000689092 /* IndicatorPointCustom.swift */ = {isa = PBXFileReference; fileEncoding = 4; lastKnownFileType = sourcecode.swift; path = IndicatorPointCustom.swift; sourceTree = "<group>"; };
		E80F324A27607BF000689092 /* BarChartViewCustomNew.swift */ = {isa = PBXFileReference; fileEncoding = 4; lastKnownFileType = sourcecode.swift; path = BarChartViewCustomNew.swift; sourceTree = "<group>"; };
		E80F324B27607BF000689092 /* LabelViewCustom.swift */ = {isa = PBXFileReference; fileEncoding = 4; lastKnownFileType = sourcecode.swift; path = LabelViewCustom.swift; sourceTree = "<group>"; };
		E80F324C27607BF000689092 /* BarChartCellCustom.swift */ = {isa = PBXFileReference; fileEncoding = 4; lastKnownFileType = sourcecode.swift; path = BarChartCellCustom.swift; sourceTree = "<group>"; };
		E80F324D27607BF100689092 /* BarChartRowCustomNew.swift */ = {isa = PBXFileReference; fileEncoding = 4; lastKnownFileType = sourcecode.swift; path = BarChartRowCustomNew.swift; sourceTree = "<group>"; };
		E80F326027607C0B00689092 /* Colors.swift */ = {isa = PBXFileReference; fileEncoding = 4; lastKnownFileType = sourcecode.swift; path = Colors.swift; sourceTree = "<group>"; };
		E81EE70C276A02BC0040A19D /* BookLazyChaptersNeumorphic.swift */ = {isa = PBXFileReference; lastKnownFileType = sourcecode.swift; path = BookLazyChaptersNeumorphic.swift; sourceTree = "<group>"; };
		E81EE710276A03F10040A19D /* BookCardLargeViewNeumorphic.swift */ = {isa = PBXFileReference; lastKnownFileType = sourcecode.swift; path = BookCardLargeViewNeumorphic.swift; sourceTree = "<group>"; };
		E8DF79582769F05D00B10B38 /* NeumorphicLazyCard.swift */ = {isa = PBXFileReference; lastKnownFileType = sourcecode.swift; path = NeumorphicLazyCard.swift; sourceTree = "<group>"; };
		E8EB3627276A0CD7000CCF20 /* NeumorphicLazyChapters.swift */ = {isa = PBXFileReference; lastKnownFileType = sourcecode.swift; path = NeumorphicLazyChapters.swift; sourceTree = "<group>"; };
		E8EB362C276A3D5E000CCF20 /* NeumorphicCarousels.swift */ = {isa = PBXFileReference; lastKnownFileType = sourcecode.swift; path = NeumorphicCarousels.swift; sourceTree = "<group>"; };
		E8EB362F276A3D86000CCF20 /* GlassmorphicCarousels.swift */ = {isa = PBXFileReference; lastKnownFileType = sourcecode.swift; path = GlassmorphicCarousels.swift; sourceTree = "<group>"; };
		E8EB3632276A3D9C000CCF20 /* GlassmorphicColorCarousels.swift */ = {isa = PBXFileReference; lastKnownFileType = sourcecode.swift; path = GlassmorphicColorCarousels.swift; sourceTree = "<group>"; };
		E8EB3635276A4751000CCF20 /* NeumorphicCardSmallView.swift */ = {isa = PBXFileReference; lastKnownFileType = sourcecode.swift; path = NeumorphicCardSmallView.swift; sourceTree = "<group>"; };
		E8EB3641276A4B55000CCF20 /* NeumorphicBarsCards.swift */ = {isa = PBXFileReference; lastKnownFileType = sourcecode.swift; path = NeumorphicBarsCards.swift; sourceTree = "<group>"; };
		E8EB3644276A4B71000CCF20 /* GlassmorphicBarsCards.swift */ = {isa = PBXFileReference; lastKnownFileType = sourcecode.swift; path = GlassmorphicBarsCards.swift; sourceTree = "<group>"; };
		E8EB3647276A4B8A000CCF20 /* GlassmorphicColorBarsCards.swift */ = {isa = PBXFileReference; lastKnownFileType = sourcecode.swift; path = GlassmorphicColorBarsCards.swift; sourceTree = "<group>"; };
		E8EB364A276A4EBF000CCF20 /* NeumorphicChapterList.swift */ = {isa = PBXFileReference; lastKnownFileType = sourcecode.swift; path = NeumorphicChapterList.swift; sourceTree = "<group>"; };
		E8EB364D276A4EFA000CCF20 /* NeumorphicChapterListRowView.swift */ = {isa = PBXFileReference; lastKnownFileType = sourcecode.swift; path = NeumorphicChapterListRowView.swift; sourceTree = "<group>"; };
/* End PBXFileReference section */

/* Begin PBXFrameworksBuildPhase section */
		E803C60926BE9FBC00C41AA6 /* Frameworks */ = {
			isa = PBXFrameworksBuildPhase;
			buildActionMask = 2147483647;
			files = (
			);
			runOnlyForDeploymentPostprocessing = 0;
		};
		E803C61126BE9FBC00C41AA6 /* Frameworks */ = {
			isa = PBXFrameworksBuildPhase;
			buildActionMask = 2147483647;
			files = (
			);
			runOnlyForDeploymentPostprocessing = 0;
		};
/* End PBXFrameworksBuildPhase section */

/* Begin PBXGroup section */
		E803C5FC26BE9FBB00C41AA6 = {
			isa = PBXGroup;
			children = (
				E803C60126BE9FBB00C41AA6 /* Shared */,
				E803C60E26BE9FBC00C41AA6 /* iOS */,
				E803C61526BE9FBC00C41AA6 /* macOS */,
				E803C60D26BE9FBC00C41AA6 /* Products */,
			);
			sourceTree = "<group>";
		};
		E803C60126BE9FBB00C41AA6 /* Shared */ = {
			isa = PBXGroup;
			children = (
				E803C6C426BEDE1B00C41AA6 /* App */,
				E803C63826BEADC700C41AA6 /* Views */,
				E803C66C26BEAFA000C41AA6 /* Components */,
				E803C62D26BEA76B00C41AA6 /* Data */,
				E803C67F26BEAFF900C41AA6 /* Helpers */,
				E803C68D26BEB3DB00C41AA6 /* DesignSystem */,
				E803C60626BE9FBB00C41AA6 /* Persistence.swift */,
				E803C60726BE9FBC00C41AA6 /* Assets.xcassets */,
				E803C60226BE9FBB00C41AA6 /* LaminarModes.xcdatamodeld */,
			);
			path = Shared;
			sourceTree = "<group>";
		};
		E803C60D26BE9FBC00C41AA6 /* Products */ = {
			isa = PBXGroup;
			children = (
				E803C60C26BE9FBC00C41AA6 /* LaminarModes.app */,
				E803C61426BE9FBC00C41AA6 /* LaminarModes.app */,
			);
			name = Products;
			sourceTree = "<group>";
		};
		E803C60E26BE9FBC00C41AA6 /* iOS */ = {
			isa = PBXGroup;
			children = (
				E803C68626BEB11400C41AA6 /* VisualEffectBlur.swift */,
				E803C60F26BE9FBC00C41AA6 /* Info.plist */,
			);
			path = iOS;
			sourceTree = "<group>";
		};
		E803C61526BE9FBC00C41AA6 /* macOS */ = {
			isa = PBXGroup;
			children = (
				E803C61626BE9FBC00C41AA6 /* Info.plist */,
				E803C68826BEB12700C41AA6 /* VisualEffectBlur.swift */,
				E803C61726BE9FBC00C41AA6 /* macOS.entitlements */,
			);
			path = macOS;
			sourceTree = "<group>";
		};
		E803C62D26BEA76B00C41AA6 /* Data */ = {
			isa = PBXGroup;
			children = (
				E80F324027607BC200689092 /* MainStructs.swift */,
				E80F323F27607BC200689092 /* Reference.swift */,
			);
			path = Data;
			sourceTree = "<group>";
		};
		E803C63826BEADC700C41AA6 /* Views */ = {
			isa = PBXGroup;
			children = (
				E80F321127607B2C00689092 /* TextFIeld New */,
				E80F321027607B2400689092 /* Modal Windows */,
				E80F320F27607B1200689092 /* Headers new */,
				E80F320E27607AFE00689092 /* Cards new */,
			);
			path = Views;
			sourceTree = "<group>";
		};
		E803C66C26BEAFA000C41AA6 /* Components */ = {
			isa = PBXGroup;
			children = (
				E80F323927607BA800689092 /* CloseButton.swift */,
				E80F323A27607BA800689092 /* GradientButtonView.swift */,
			);
			path = Components;
			sourceTree = "<group>";
		};
		E803C67F26BEAFF900C41AA6 /* Helpers */ = {
			isa = PBXGroup;
			children = (
				E80F324C27607BF000689092 /* BarChartCellCustom.swift */,
				E80F324D27607BF100689092 /* BarChartRowCustomNew.swift */,
				E80F324A27607BF000689092 /* BarChartViewCustomNew.swift */,
				E80F324727607BF000689092 /* HelpersTwo.swift */,
				E80F324927607BF000689092 /* IndicatorPointCustom.swift */,
				E80F324B27607BF000689092 /* LabelViewCustom.swift */,
				E80F324527607BF000689092 /* LineCustom.swift */,
				E80F324827607BF000689092 /* MultiLineChartViewCustom.swift */,
				E80F324627607BF000689092 /* Path+QuadCurveCustom.swift */,
			);
			path = Helpers;
			sourceTree = "<group>";
		};
		E803C68D26BEB3DB00C41AA6 /* DesignSystem */ = {
			isa = PBXGroup;
			children = (
				E81EE70F276A033E0040A19D /* Neumorphic */,
				E8EB362A276A1557000CCF20 /* Glassmorphic */,
				E8EB362B276A157D000CCF20 /* Glassmorphic Color */,
				E80F326027607C0B00689092 /* Colors.swift */,
			);
			path = DesignSystem;
			sourceTree = "<group>";
		};
		E803C6C426BEDE1B00C41AA6 /* App */ = {
			isa = PBXGroup;
			children = (
				E803C60426BE9FBB00C41AA6 /* LaminarModesApp.swift */,
				E803C60526BE9FBB00C41AA6 /* ContentView.swift */,
				E803C63926BEAE9E00C41AA6 /* MainView.swift */,
				E8DFB49C26BEE546008BA2BD /* MainViews */,
			);
			path = App;
			sourceTree = "<group>";
		};
		E80F320E27607AFE00689092 /* Cards new */ = {
			isa = PBXGroup;
			children = (
				E80F321227607B4F00689092 /* BookCardLargeView.swift */,
				E80F321427607B4F00689092 /* BookCardSmallHeightInfiniteWidthView.swift */,
				E80F321527607B4F00689092 /* ChapterCardSmallHeightInfiniteWidthView.swift */,
				E80F321327607B4F00689092 /* ChapterCardSmallView.swift */,
			);
			path = "Cards new";
			sourceTree = "<group>";
		};
		E80F320F27607B1200689092 /* Headers new */ = {
			isa = PBXGroup;
			children = (
				E80F321E27607B6F00689092 /* BookCarouselHeaderView.swift */,
				E80F321F27607B6F00689092 /* BookHeaderLarge.swift */,
			);
			path = "Headers new";
			sourceTree = "<group>";
		};
		E80F321027607B2400689092 /* Modal Windows */ = {
			isa = PBXGroup;
			children = (
				E80F322527607B7900689092 /* AddBookView.swift */,
				E80F322627607B7900689092 /* AddChapterView.swift */,
				E80F322427607B7900689092 /* DeleteChapterView.swift */,
			);
			path = "Modal Windows";
			sourceTree = "<group>";
		};
		E80F321127607B2C00689092 /* TextFIeld New */ = {
			isa = PBXGroup;
			children = (
				E80F323027607B8300689092 /* GradientLargeTextField.swift */,
				E80F323127607B8300689092 /* GradientText.swift */,
				E80F323227607B8300689092 /* GradientTextField.swift */,
			);
			path = "TextFIeld New";
			sourceTree = "<group>";
		};
		E810EAFD27564C6900CBAEF8 /* Secondary Views */ = {
			isa = PBXGroup;
			children = (
				E80F31EE27607AB700689092 /* ChapterListRowView.swift */,
				E80F31F127607AB700689092 /* DetailsView.swift */,
				E80F31F227607AB700689092 /* BookWithLazyChapters.swift */,
				E80F31EF27607AB700689092 /* ChapterList.swift */,
			);
			path = "Secondary Views";
			sourceTree = "<group>";
		};
		E81EE70F276A033E0040A19D /* Neumorphic */ = {
			isa = PBXGroup;
			children = (
				E8EB363E276A4AE0000CCF20 /* BarsCards */,
				E8EB3639276A49DB000CCF20 /* LazyGrid */,
				E8EB3638276A49C9000CCF20 /* Carousel */,
			);
			path = Neumorphic;
			sourceTree = "<group>";
		};
		E8DFB49C26BEE546008BA2BD /* MainViews */ = {
			isa = PBXGroup;
			children = (
				E80F31DC27607A9000689092 /* AffinityMap.swift */,
				E80F31D827607A9000689092 /* LazyBooks.swift */,
				E80F31DA27607A9000689092 /* RingView.swift */,
				E80F31E727607A9800689092 /* BookList.swift */,
				E80F31E827607A9800689092 /* UITrendsView.swift */,
				E810EAFD27564C6900CBAEF8 /* Secondary Views */,
			);
			path = MainViews;
			sourceTree = "<group>";
		};
		E8EB362A276A1557000CCF20 /* Glassmorphic */ = {
			isa = PBXGroup;
			children = (
				E8EB363F276A4AF0000CCF20 /* BarsCards */,
				E8EB363A276A49EA000CCF20 /* Carousel */,
				E8EB363B276A49F1000CCF20 /* LazyGrid */,
			);
			path = Glassmorphic;
			sourceTree = "<group>";
		};
		E8EB362B276A157D000CCF20 /* Glassmorphic Color */ = {
			isa = PBXGroup;
			children = (
				E8EB3640276A4AF8000CCF20 /* BarsCards */,
				E8EB363C276A4A07000CCF20 /* Carousel */,
				E8EB363D276A4A12000CCF20 /* LazyGrid */,
			);
			path = "Glassmorphic Color";
			sourceTree = "<group>";
		};
		E8EB3638276A49C9000CCF20 /* Carousel */ = {
			isa = PBXGroup;
			children = (
				E8EB362C276A3D5E000CCF20 /* NeumorphicCarousels.swift */,
				E8EB3635276A4751000CCF20 /* NeumorphicCardSmallView.swift */,
			);
			path = Carousel;
			sourceTree = "<group>";
		};
		E8EB3639276A49DB000CCF20 /* LazyGrid */ = {
			isa = PBXGroup;
			children = (
				E80F31F027607AB700689092 /* NeumorphicView.swift */,
				E8DF79582769F05D00B10B38 /* NeumorphicLazyCard.swift */,
				E8EB3627276A0CD7000CCF20 /* NeumorphicLazyChapters.swift */,
				E81EE70C276A02BC0040A19D /* BookLazyChaptersNeumorphic.swift */,
				E81EE710276A03F10040A19D /* BookCardLargeViewNeumorphic.swift */,
			);
			path = LazyGrid;
			sourceTree = "<group>";
		};
		E8EB363A276A49EA000CCF20 /* Carousel */ = {
			isa = PBXGroup;
			children = (
				E80F31F327607AB700689092 /* GlassmorphicView.swift */,
			);
			path = Carousel;
			sourceTree = "<group>";
		};
		E8EB363B276A49F1000CCF20 /* LazyGrid */ = {
			isa = PBXGroup;
			children = (
				E8EB362F276A3D86000CCF20 /* GlassmorphicCarousels.swift */,
			);
			path = LazyGrid;
			sourceTree = "<group>";
		};
		E8EB363C276A4A07000CCF20 /* Carousel */ = {
			isa = PBXGroup;
			children = (
				E8EB3632276A3D9C000CCF20 /* GlassmorphicColorCarousels.swift */,
			);
			path = Carousel;
			sourceTree = "<group>";
		};
		E8EB363D276A4A12000CCF20 /* LazyGrid */ = {
			isa = PBXGroup;
			children = (
				E80F31ED27607AB700689092 /* GlassmorphicColorView.swift */,
			);
			path = LazyGrid;
			sourceTree = "<group>";
		};
		E8EB363E276A4AE0000CCF20 /* BarsCards */ = {
			isa = PBXGroup;
			children = (
				E8EB3641276A4B55000CCF20 /* NeumorphicBarsCards.swift */,
				E8EB364A276A4EBF000CCF20 /* NeumorphicChapterList.swift */,
				E8EB364D276A4EFA000CCF20 /* NeumorphicChapterListRowView.swift */,
			);
			path = BarsCards;
			sourceTree = "<group>";
		};
		E8EB363F276A4AF0000CCF20 /* BarsCards */ = {
			isa = PBXGroup;
			children = (
				E8EB3644276A4B71000CCF20 /* GlassmorphicBarsCards.swift */,
			);
			path = BarsCards;
			sourceTree = "<group>";
		};
		E8EB3640276A4AF8000CCF20 /* BarsCards */ = {
			isa = PBXGroup;
			children = (
				E8EB3647276A4B8A000CCF20 /* GlassmorphicColorBarsCards.swift */,
			);
			path = BarsCards;
			sourceTree = "<group>";
		};
/* End PBXGroup section */

/* Begin PBXNativeTarget section */
		E803C60B26BE9FBC00C41AA6 /* LaminarModes (iOS) */ = {
			isa = PBXNativeTarget;
			buildConfigurationList = E803C62426BE9FBC00C41AA6 /* Build configuration list for PBXNativeTarget "LaminarModes (iOS)" */;
			buildPhases = (
				E803C60826BE9FBC00C41AA6 /* Sources */,
				E803C60926BE9FBC00C41AA6 /* Frameworks */,
				E803C60A26BE9FBC00C41AA6 /* Resources */,
			);
			buildRules = (
			);
			dependencies = (
			);
			name = "LaminarModes (iOS)";
			packageProductDependencies = (
			);
			productName = "LaminarModes (iOS)";
			productReference = E803C60C26BE9FBC00C41AA6 /* LaminarModes.app */;
			productType = "com.apple.product-type.application";
		};
		E803C61326BE9FBC00C41AA6 /* LaminarModes (macOS) */ = {
			isa = PBXNativeTarget;
			buildConfigurationList = E803C62726BE9FBC00C41AA6 /* Build configuration list for PBXNativeTarget "LaminarModes (macOS)" */;
			buildPhases = (
				E803C61026BE9FBC00C41AA6 /* Sources */,
				E803C61126BE9FBC00C41AA6 /* Frameworks */,
				E803C61226BE9FBC00C41AA6 /* Resources */,
			);
			buildRules = (
			);
			dependencies = (
			);
			name = "LaminarModes (macOS)";
			productName = "LaminarModes (macOS)";
			productReference = E803C61426BE9FBC00C41AA6 /* LaminarModes.app */;
			productType = "com.apple.product-type.application";
		};
/* End PBXNativeTarget section */

/* Begin PBXProject section */
		E803C5FD26BE9FBB00C41AA6 /* Project object */ = {
			isa = PBXProject;
			attributes = {
				LastSwiftUpdateCheck = 1250;
				LastUpgradeCheck = 1310;
				TargetAttributes = {
					E803C60B26BE9FBC00C41AA6 = {
						CreatedOnToolsVersion = 12.5.1;
					};
					E803C61326BE9FBC00C41AA6 = {
						CreatedOnToolsVersion = 12.5.1;
					};
				};
			};
			buildConfigurationList = E803C60026BE9FBB00C41AA6 /* Build configuration list for PBXProject "LaminarModes" */;
			compatibilityVersion = "Xcode 9.3";
			developmentRegion = en;
			hasScannedForEncodings = 0;
			knownRegions = (
				en,
				Base,
			);
			mainGroup = E803C5FC26BE9FBB00C41AA6;
			packageReferences = (
			);
			productRefGroup = E803C60D26BE9FBC00C41AA6 /* Products */;
			projectDirPath = "";
			projectRoot = "";
			targets = (
				E803C60B26BE9FBC00C41AA6 /* LaminarModes (iOS) */,
				E803C61326BE9FBC00C41AA6 /* LaminarModes (macOS) */,
			);
		};
/* End PBXProject section */

/* Begin PBXResourcesBuildPhase section */
		E803C60A26BE9FBC00C41AA6 /* Resources */ = {
			isa = PBXResourcesBuildPhase;
			buildActionMask = 2147483647;
			files = (
				E803C62026BE9FBC00C41AA6 /* Assets.xcassets in Resources */,
			);
			runOnlyForDeploymentPostprocessing = 0;
		};
		E803C61226BE9FBC00C41AA6 /* Resources */ = {
			isa = PBXResourcesBuildPhase;
			buildActionMask = 2147483647;
			files = (
				E803C62126BE9FBC00C41AA6 /* Assets.xcassets in Resources */,
			);
			runOnlyForDeploymentPostprocessing = 0;
		};
/* End PBXResourcesBuildPhase section */

/* Begin PBXSourcesBuildPhase section */
		E803C60826BE9FBC00C41AA6 /* Sources */ = {
			isa = PBXSourcesBuildPhase;
			buildActionMask = 2147483647;
			files = (
				E80F31F427607AB700689092 /* GlassmorphicColorView.swift in Sources */,
				E8EB362D276A3D5E000CCF20 /* NeumorphicCarousels.swift in Sources */,
				E80F324127607BC200689092 /* Reference.swift in Sources */,
				E8EB3630276A3D86000CCF20 /* GlassmorphicCarousels.swift in Sources */,
				E803C64A26BEAE9E00C41AA6 /* MainView.swift in Sources */,
				E8EB3645276A4B71000CCF20 /* GlassmorphicBarsCards.swift in Sources */,
				E80F31F627607AB700689092 /* ChapterListRowView.swift in Sources */,
				E80F322A27607B7900689092 /* AddBookView.swift in Sources */,
				E80F325027607BF100689092 /* Path+QuadCurveCustom.swift in Sources */,
				E81EE711276A03F10040A19D /* BookCardLargeViewNeumorphic.swift in Sources */,
				E80F322027607B6F00689092 /* BookCarouselHeaderView.swift in Sources */,
				E8EB364B276A4EBF000CCF20 /* NeumorphicChapterList.swift in Sources */,
				E80F324E27607BF100689092 /* LineCustom.swift in Sources */,
				E80F325A27607BF100689092 /* LabelViewCustom.swift in Sources */,
				E80F31FE27607AB700689092 /* BookWithLazyChapters.swift in Sources */,
				E80F323527607B8300689092 /* GradientText.swift in Sources */,
				E80F321C27607B4F00689092 /* ChapterCardSmallHeightInfiniteWidthView.swift in Sources */,
				E80F325627607BF100689092 /* IndicatorPointCustom.swift in Sources */,
				E80F31E127607A9000689092 /* RingView.swift in Sources */,
				E80F322827607B7900689092 /* DeleteChapterView.swift in Sources */,
				E80F323B27607BA800689092 /* CloseButton.swift in Sources */,
				E80F321827607B4F00689092 /* ChapterCardSmallView.swift in Sources */,
				E80F324327607BC200689092 /* MainStructs.swift in Sources */,
				E80F31DD27607A9000689092 /* LazyBooks.swift in Sources */,
				E80F31F827607AB700689092 /* ChapterList.swift in Sources */,
				E80F323D27607BA800689092 /* GradientButtonView.swift in Sources */,
				E8EB3648276A4B8A000CCF20 /* GlassmorphicColorBarsCards.swift in Sources */,
				E80F322227607B6F00689092 /* BookHeaderLarge.swift in Sources */,
				E8EB364E276A4EFA000CCF20 /* NeumorphicChapterListRowView.swift in Sources */,
				E80F31E527607A9000689092 /* AffinityMap.swift in Sources */,
				E80F325427607BF100689092 /* MultiLineChartViewCustom.swift in Sources */,
				E8DF79592769F05D00B10B38 /* NeumorphicLazyCard.swift in Sources */,
				E80F326127607C0B00689092 /* Colors.swift in Sources */,
				E80F325E27607BF100689092 /* BarChartRowCustomNew.swift in Sources */,
				E80F325827607BF100689092 /* BarChartViewCustomNew.swift in Sources */,
				E80F325227607BF100689092 /* HelpersTwo.swift in Sources */,
				E8EB3636276A4751000CCF20 /* NeumorphicCardSmallView.swift in Sources */,
				E80F325C27607BF100689092 /* BarChartCellCustom.swift in Sources */,
				E803C61826BE9FBC00C41AA6 /* LaminarModes.xcdatamodeld in Sources */,
				E803C61E26BE9FBC00C41AA6 /* Persistence.swift in Sources */,
				E80F31FA27607AB700689092 /* NeumorphicView.swift in Sources */,
				E80F31FC27607AB700689092 /* DetailsView.swift in Sources */,
				E803C61A26BE9FBC00C41AA6 /* LaminarModesApp.swift in Sources */,
				E80F323727607B8300689092 /* GradientTextField.swift in Sources */,
				E80F31EB27607A9800689092 /* UITrendsView.swift in Sources */,
				E80F323327607B8300689092 /* GradientLargeTextField.swift in Sources */,
				E80F320027607AB700689092 /* GlassmorphicView.swift in Sources */,
				E803C68726BEB11400C41AA6 /* VisualEffectBlur.swift in Sources */,
				E80F322C27607B7900689092 /* AddChapterView.swift in Sources */,
				E80F321A27607B4F00689092 /* BookCardSmallHeightInfiniteWidthView.swift in Sources */,
				E8EB3628276A0CD7000CCF20 /* NeumorphicLazyChapters.swift in Sources */,
				E81EE70D276A02BC0040A19D /* BookLazyChaptersNeumorphic.swift in Sources */,
				E8EB3642276A4B55000CCF20 /* NeumorphicBarsCards.swift in Sources */,
				E803C61C26BE9FBC00C41AA6 /* ContentView.swift in Sources */,
				E80F321627607B4F00689092 /* BookCardLargeView.swift in Sources */,
				E8EB3633276A3D9C000CCF20 /* GlassmorphicColorCarousels.swift in Sources */,
				E80F31E927607A9800689092 /* BookList.swift in Sources */,
			);
			runOnlyForDeploymentPostprocessing = 0;
		};
		E803C61026BE9FBC00C41AA6 /* Sources */ = {
			isa = PBXSourcesBuildPhase;
			buildActionMask = 2147483647;
			files = (
				E80F31F527607AB700689092 /* GlassmorphicColorView.swift in Sources */,
				E8EB362E276A3D5E000CCF20 /* NeumorphicCarousels.swift in Sources */,
				E80F324227607BC200689092 /* Reference.swift in Sources */,
				E8EB3631276A3D86000CCF20 /* GlassmorphicCarousels.swift in Sources */,
				E803C64B26BEAE9E00C41AA6 /* MainView.swift in Sources */,
				E8EB3646276A4B71000CCF20 /* GlassmorphicBarsCards.swift in Sources */,
				E80F31F727607AB700689092 /* ChapterListRowView.swift in Sources */,
				E80F322B27607B7900689092 /* AddBookView.swift in Sources */,
				E80F325127607BF100689092 /* Path+QuadCurveCustom.swift in Sources */,
				E81EE712276A03F10040A19D /* BookCardLargeViewNeumorphic.swift in Sources */,
				E80F322127607B6F00689092 /* BookCarouselHeaderView.swift in Sources */,
				E8EB364C276A4EBF000CCF20 /* NeumorphicChapterList.swift in Sources */,
				E80F324F27607BF100689092 /* LineCustom.swift in Sources */,
				E80F325B27607BF100689092 /* LabelViewCustom.swift in Sources */,
				E80F31FF27607AB700689092 /* BookWithLazyChapters.swift in Sources */,
				E80F323627607B8300689092 /* GradientText.swift in Sources */,
				E80F321D27607B4F00689092 /* ChapterCardSmallHeightInfiniteWidthView.swift in Sources */,
				E80F325727607BF100689092 /* IndicatorPointCustom.swift in Sources */,
				E80F31E227607A9000689092 /* RingView.swift in Sources */,
				E80F322927607B7900689092 /* DeleteChapterView.swift in Sources */,
				E80F323C27607BA800689092 /* CloseButton.swift in Sources */,
				E80F321927607B4F00689092 /* ChapterCardSmallView.swift in Sources */,
				E80F324427607BC200689092 /* MainStructs.swift in Sources */,
				E80F31DE27607A9000689092 /* LazyBooks.swift in Sources */,
				E80F31F927607AB700689092 /* ChapterList.swift in Sources */,
				E80F323E27607BA800689092 /* GradientButtonView.swift in Sources */,
				E8EB3649276A4B8A000CCF20 /* GlassmorphicColorBarsCards.swift in Sources */,
				E80F322327607B6F00689092 /* BookHeaderLarge.swift in Sources */,
				E8EB364F276A4EFA000CCF20 /* NeumorphicChapterListRowView.swift in Sources */,
				E80F31E627607A9000689092 /* AffinityMap.swift in Sources */,
				E80F325527607BF100689092 /* MultiLineChartViewCustom.swift in Sources */,
				E8DF795A2769F05D00B10B38 /* NeumorphicLazyCard.swift in Sources */,
				E80F326227607C0B00689092 /* Colors.swift in Sources */,
				E80F325F27607BF100689092 /* BarChartRowCustomNew.swift in Sources */,
				E80F325927607BF100689092 /* BarChartViewCustomNew.swift in Sources */,
				E80F325327607BF100689092 /* HelpersTwo.swift in Sources */,
				E8EB3637276A4751000CCF20 /* NeumorphicCardSmallView.swift in Sources */,
				E80F325D27607BF100689092 /* BarChartCellCustom.swift in Sources */,
				E803C61926BE9FBC00C41AA6 /* LaminarModes.xcdatamodeld in Sources */,
				E803C61F26BE9FBC00C41AA6 /* Persistence.swift in Sources */,
				E80F31FB27607AB700689092 /* NeumorphicView.swift in Sources */,
				E80F31FD27607AB700689092 /* DetailsView.swift in Sources */,
				E803C61B26BE9FBC00C41AA6 /* LaminarModesApp.swift in Sources */,
				E80F323827607B8300689092 /* GradientTextField.swift in Sources */,
				E80F31EC27607A9800689092 /* UITrendsView.swift in Sources */,
				E80F323427607B8300689092 /* GradientLargeTextField.swift in Sources */,
				E80F320127607AB700689092 /* GlassmorphicView.swift in Sources */,
				E803C68926BEB12700C41AA6 /* VisualEffectBlur.swift in Sources */,
				E80F322D27607B7900689092 /* AddChapterView.swift in Sources */,
				E80F321B27607B4F00689092 /* BookCardSmallHeightInfiniteWidthView.swift in Sources */,
				E8EB3629276A0CD7000CCF20 /* NeumorphicLazyChapters.swift in Sources */,
				E81EE70E276A02BC0040A19D /* BookLazyChaptersNeumorphic.swift in Sources */,
				E8EB3643276A4B55000CCF20 /* NeumorphicBarsCards.swift in Sources */,
				E803C61D26BE9FBC00C41AA6 /* ContentView.swift in Sources */,
				E80F321727607B4F00689092 /* BookCardLargeView.swift in Sources */,
				E8EB3634276A3D9C000CCF20 /* GlassmorphicColorCarousels.swift in Sources */,
				E80F31EA27607A9800689092 /* BookList.swift in Sources */,
			);
			runOnlyForDeploymentPostprocessing = 0;
		};
/* End PBXSourcesBuildPhase section */

/* Begin XCBuildConfiguration section */
		E803C62226BE9FBC00C41AA6 /* Debug */ = {
			isa = XCBuildConfiguration;
			buildSettings = {
				ALWAYS_SEARCH_USER_PATHS = NO;
				CLANG_ANALYZER_NONNULL = YES;
				CLANG_ANALYZER_NUMBER_OBJECT_CONVERSION = YES_AGGRESSIVE;
				CLANG_CXX_LANGUAGE_STANDARD = "gnu++14";
				CLANG_CXX_LIBRARY = "libc++";
				CLANG_ENABLE_MODULES = YES;
				CLANG_ENABLE_OBJC_ARC = YES;
				CLANG_ENABLE_OBJC_WEAK = YES;
				CLANG_WARN_BLOCK_CAPTURE_AUTORELEASING = YES;
				CLANG_WARN_BOOL_CONVERSION = YES;
				CLANG_WARN_COMMA = YES;
				CLANG_WARN_CONSTANT_CONVERSION = YES;
				CLANG_WARN_DEPRECATED_OBJC_IMPLEMENTATIONS = YES;
				CLANG_WARN_DIRECT_OBJC_ISA_USAGE = YES_ERROR;
				CLANG_WARN_DOCUMENTATION_COMMENTS = YES;
				CLANG_WARN_EMPTY_BODY = YES;
				CLANG_WARN_ENUM_CONVERSION = YES;
				CLANG_WARN_INFINITE_RECURSION = YES;
				CLANG_WARN_INT_CONVERSION = YES;
				CLANG_WARN_NON_LITERAL_NULL_CONVERSION = YES;
				CLANG_WARN_OBJC_IMPLICIT_RETAIN_SELF = YES;
				CLANG_WARN_OBJC_LITERAL_CONVERSION = YES;
				CLANG_WARN_OBJC_ROOT_CLASS = YES_ERROR;
				CLANG_WARN_QUOTED_INCLUDE_IN_FRAMEWORK_HEADER = YES;
				CLANG_WARN_RANGE_LOOP_ANALYSIS = YES;
				CLANG_WARN_STRICT_PROTOTYPES = YES;
				CLANG_WARN_SUSPICIOUS_MOVE = YES;
				CLANG_WARN_UNGUARDED_AVAILABILITY = YES_AGGRESSIVE;
				CLANG_WARN_UNREACHABLE_CODE = YES;
				CLANG_WARN__DUPLICATE_METHOD_MATCH = YES;
				COPY_PHASE_STRIP = NO;
				DEBUG_INFORMATION_FORMAT = dwarf;
				ENABLE_STRICT_OBJC_MSGSEND = YES;
				ENABLE_TESTABILITY = YES;
				GCC_C_LANGUAGE_STANDARD = gnu11;
				GCC_DYNAMIC_NO_PIC = NO;
				GCC_NO_COMMON_BLOCKS = YES;
				GCC_OPTIMIZATION_LEVEL = 0;
				GCC_PREPROCESSOR_DEFINITIONS = (
					"DEBUG=1",
					"$(inherited)",
				);
				GCC_WARN_64_TO_32_BIT_CONVERSION = YES;
				GCC_WARN_ABOUT_RETURN_TYPE = YES_ERROR;
				GCC_WARN_UNDECLARED_SELECTOR = YES;
				GCC_WARN_UNINITIALIZED_AUTOS = YES_AGGRESSIVE;
				GCC_WARN_UNUSED_FUNCTION = YES;
				GCC_WARN_UNUSED_VARIABLE = YES;
				MTL_ENABLE_DEBUG_INFO = INCLUDE_SOURCE;
				MTL_FAST_MATH = YES;
				ONLY_ACTIVE_ARCH = YES;
				SWIFT_ACTIVE_COMPILATION_CONDITIONS = DEBUG;
				SWIFT_OPTIMIZATION_LEVEL = "-Onone";
			};
			name = Debug;
		};
		E803C62326BE9FBC00C41AA6 /* Release */ = {
			isa = XCBuildConfiguration;
			buildSettings = {
				ALWAYS_SEARCH_USER_PATHS = NO;
				CLANG_ANALYZER_NONNULL = YES;
				CLANG_ANALYZER_NUMBER_OBJECT_CONVERSION = YES_AGGRESSIVE;
				CLANG_CXX_LANGUAGE_STANDARD = "gnu++14";
				CLANG_CXX_LIBRARY = "libc++";
				CLANG_ENABLE_MODULES = YES;
				CLANG_ENABLE_OBJC_ARC = YES;
				CLANG_ENABLE_OBJC_WEAK = YES;
				CLANG_WARN_BLOCK_CAPTURE_AUTORELEASING = YES;
				CLANG_WARN_BOOL_CONVERSION = YES;
				CLANG_WARN_COMMA = YES;
				CLANG_WARN_CONSTANT_CONVERSION = YES;
				CLANG_WARN_DEPRECATED_OBJC_IMPLEMENTATIONS = YES;
				CLANG_WARN_DIRECT_OBJC_ISA_USAGE = YES_ERROR;
				CLANG_WARN_DOCUMENTATION_COMMENTS = YES;
				CLANG_WARN_EMPTY_BODY = YES;
				CLANG_WARN_ENUM_CONVERSION = YES;
				CLANG_WARN_INFINITE_RECURSION = YES;
				CLANG_WARN_INT_CONVERSION = YES;
				CLANG_WARN_NON_LITERAL_NULL_CONVERSION = YES;
				CLANG_WARN_OBJC_IMPLICIT_RETAIN_SELF = YES;
				CLANG_WARN_OBJC_LITERAL_CONVERSION = YES;
				CLANG_WARN_OBJC_ROOT_CLASS = YES_ERROR;
				CLANG_WARN_QUOTED_INCLUDE_IN_FRAMEWORK_HEADER = YES;
				CLANG_WARN_RANGE_LOOP_ANALYSIS = YES;
				CLANG_WARN_STRICT_PROTOTYPES = YES;
				CLANG_WARN_SUSPICIOUS_MOVE = YES;
				CLANG_WARN_UNGUARDED_AVAILABILITY = YES_AGGRESSIVE;
				CLANG_WARN_UNREACHABLE_CODE = YES;
				CLANG_WARN__DUPLICATE_METHOD_MATCH = YES;
				COPY_PHASE_STRIP = NO;
				DEBUG_INFORMATION_FORMAT = "dwarf-with-dsym";
				ENABLE_NS_ASSERTIONS = NO;
				ENABLE_STRICT_OBJC_MSGSEND = YES;
				GCC_C_LANGUAGE_STANDARD = gnu11;
				GCC_NO_COMMON_BLOCKS = YES;
				GCC_WARN_64_TO_32_BIT_CONVERSION = YES;
				GCC_WARN_ABOUT_RETURN_TYPE = YES_ERROR;
				GCC_WARN_UNDECLARED_SELECTOR = YES;
				GCC_WARN_UNINITIALIZED_AUTOS = YES_AGGRESSIVE;
				GCC_WARN_UNUSED_FUNCTION = YES;
				GCC_WARN_UNUSED_VARIABLE = YES;
				MTL_ENABLE_DEBUG_INFO = NO;
				MTL_FAST_MATH = YES;
				SWIFT_COMPILATION_MODE = wholemodule;
				SWIFT_OPTIMIZATION_LEVEL = "-O";
			};
			name = Release;
		};
		E803C62526BE9FBC00C41AA6 /* Debug */ = {
			isa = XCBuildConfiguration;
			buildSettings = {
				ASSETCATALOG_COMPILER_APPICON_NAME = AppIcon;
				ASSETCATALOG_COMPILER_GLOBAL_ACCENT_COLOR_NAME = AccentColor;
				CODE_SIGN_STYLE = Automatic;
				DEVELOPMENT_TEAM = Y77U888YF6;
				ENABLE_PREVIEWS = YES;
				INFOPLIST_FILE = iOS/Info.plist;
				IPHONEOS_DEPLOYMENT_TARGET = 14.0;
				LD_RUNPATH_SEARCH_PATHS = (
					"$(inherited)",
					"@executable_path/Frameworks",
				);
				PRODUCT_BUNDLE_IDENTIFIER = com.LaminarModes.LaminarModes;
				PRODUCT_NAME = LaminarModes;
				SDKROOT = iphoneos;
				SWIFT_VERSION = 5.0;
				TARGETED_DEVICE_FAMILY = "1,2";
			};
			name = Debug;
		};
		E803C62626BE9FBC00C41AA6 /* Release */ = {
			isa = XCBuildConfiguration;
			buildSettings = {
				ASSETCATALOG_COMPILER_APPICON_NAME = AppIcon;
				ASSETCATALOG_COMPILER_GLOBAL_ACCENT_COLOR_NAME = AccentColor;
				CODE_SIGN_STYLE = Automatic;
				DEVELOPMENT_TEAM = Y77U888YF6;
				ENABLE_PREVIEWS = YES;
				INFOPLIST_FILE = iOS/Info.plist;
				IPHONEOS_DEPLOYMENT_TARGET = 14.0;
				LD_RUNPATH_SEARCH_PATHS = (
					"$(inherited)",
					"@executable_path/Frameworks",
				);
				PRODUCT_BUNDLE_IDENTIFIER = com.LaminarModes.LaminarModes;
				PRODUCT_NAME = LaminarModes;
				SDKROOT = iphoneos;
				SWIFT_VERSION = 5.0;
				TARGETED_DEVICE_FAMILY = "1,2";
				VALIDATE_PRODUCT = YES;
			};
			name = Release;
		};
		E803C62826BE9FBC00C41AA6 /* Debug */ = {
			isa = XCBuildConfiguration;
			buildSettings = {
				ASSETCATALOG_COMPILER_APPICON_NAME = AppIcon;
				ASSETCATALOG_COMPILER_GLOBAL_ACCENT_COLOR_NAME = AccentColor;
				CODE_SIGN_ENTITLEMENTS = macOS/macOS.entitlements;
				CODE_SIGN_IDENTITY = "-";
				CODE_SIGN_STYLE = Automatic;
				COMBINE_HIDPI_IMAGES = YES;
				DEVELOPMENT_TEAM = Y77U888YF6;
				ENABLE_HARDENED_RUNTIME = YES;
				ENABLE_PREVIEWS = YES;
				INFOPLIST_FILE = macOS/Info.plist;
				LD_RUNPATH_SEARCH_PATHS = (
					"$(inherited)",
					"@executable_path/../Frameworks",
				);
				MACOSX_DEPLOYMENT_TARGET = 11.0;
				PRODUCT_BUNDLE_IDENTIFIER = com.LaminarModes.LaminarModes;
				PRODUCT_NAME = LaminarModes;
				SDKROOT = macosx;
				SWIFT_VERSION = 5.0;
			};
			name = Debug;
		};
		E803C62926BE9FBC00C41AA6 /* Release */ = {
			isa = XCBuildConfiguration;
			buildSettings = {
				ASSETCATALOG_COMPILER_APPICON_NAME = AppIcon;
				ASSETCATALOG_COMPILER_GLOBAL_ACCENT_COLOR_NAME = AccentColor;
				CODE_SIGN_ENTITLEMENTS = macOS/macOS.entitlements;
				CODE_SIGN_IDENTITY = "-";
				CODE_SIGN_STYLE = Automatic;
				COMBINE_HIDPI_IMAGES = YES;
				DEVELOPMENT_TEAM = Y77U888YF6;
				ENABLE_HARDENED_RUNTIME = YES;
				ENABLE_PREVIEWS = YES;
				INFOPLIST_FILE = macOS/Info.plist;
				LD_RUNPATH_SEARCH_PATHS = (
					"$(inherited)",
					"@executable_path/../Frameworks",
				);
				MACOSX_DEPLOYMENT_TARGET = 11.0;
				PRODUCT_BUNDLE_IDENTIFIER = com.LaminarModes.LaminarModes;
				PRODUCT_NAME = LaminarModes;
				SDKROOT = macosx;
				SWIFT_VERSION = 5.0;
			};
			name = Release;
		};
/* End XCBuildConfiguration section */

/* Begin XCConfigurationList section */
		E803C60026BE9FBB00C41AA6 /* Build configuration list for PBXProject "LaminarModes" */ = {
			isa = XCConfigurationList;
			buildConfigurations = (
				E803C62226BE9FBC00C41AA6 /* Debug */,
				E803C62326BE9FBC00C41AA6 /* Release */,
			);
			defaultConfigurationIsVisible = 0;
			defaultConfigurationName = Release;
		};
		E803C62426BE9FBC00C41AA6 /* Build configuration list for PBXNativeTarget "LaminarModes (iOS)" */ = {
			isa = XCConfigurationList;
			buildConfigurations = (
				E803C62526BE9FBC00C41AA6 /* Debug */,
				E803C62626BE9FBC00C41AA6 /* Release */,
			);
			defaultConfigurationIsVisible = 0;
			defaultConfigurationName = Release;
		};
		E803C62726BE9FBC00C41AA6 /* Build configuration list for PBXNativeTarget "LaminarModes (macOS)" */ = {
			isa = XCConfigurationList;
			buildConfigurations = (
				E803C62826BE9FBC00C41AA6 /* Debug */,
				E803C62926BE9FBC00C41AA6 /* Release */,
			);
			defaultConfigurationIsVisible = 0;
			defaultConfigurationName = Release;
		};
/* End XCConfigurationList section */

/* Begin XCVersionGroup section */
		E803C60226BE9FBB00C41AA6 /* LaminarModes.xcdatamodeld */ = {
			isa = XCVersionGroup;
			children = (
				E803C60326BE9FBB00C41AA6 /* Shared.xcdatamodel */,
			);
			currentVersion = E803C60326BE9FBB00C41AA6 /* Shared.xcdatamodel */;
			path = LaminarModes.xcdatamodeld;
			sourceTree = "<group>";
			versionGroupType = wrapper.xcdatamodel;
		};
/* End XCVersionGroup section */
	};
	rootObject = E803C5FD26BE9FBB00C41AA6 /* Project object */;
}
